
Microsoft Visual Studio Solution File, Format Version 12.00
# Visual Studio Version 16
VisualStudioVersion = 16.0.31205.134
MinimumVisualStudioVersion = 10.0.40219.1
Project("{FAE04EC0-301F-11D3-BF4B-00C04F79EFBC}") = "WindowsService1", "WindowsService1.csproj", "{B94DE9B2-D03C-4A3E-B27B-8716897F523C}"
EndProject
Global
	GlobalSection(SolutionConfigurationPlatforms) = preSolution
		Debug|Any CPU = Debug|Any CPU
		Release|Any CPU = Release|Any CPU
	EndGlobalSection
	GlobalSection(ProjectConfigurationPlatforms) = postSolution
		{B94DE9B2-D03C-4A3E-B27B-8716897F523C}.Debug|Any CPU.ActiveCfg = Debug|Any CPU
		{B94DE9B2-D03C-4A3E-B27B-8716897F523C}.Debug|Any CPU.Build.0 = Debug|Any CPU
		{B94DE9B2-D03C-4A3E-B27B-8716897F523C}.Release|Any CPU.ActiveCfg = Release|Any CPU
		{B94DE9B2-D03C-4A3E-B27B-8716897F523C}.Release|Any CPU.Build.0 = Release|Any CPU
	EndGlobalSection
	GlobalSection(SolutionProperties) = preSolution
		HideSolutionNode = FALSE
	EndGlobalSection
	GlobalSection(ExtensibilityGlobals) = postSolution
		SolutionGuid = {76949C96-835B-4DEE-BF45-0D0EFC3FABD0}
	EndGlobalSection
EndGlobal
